
Microsoft Visual Studio Solution File, Format Version 12.00
Project("{FAE04EC0-301F-11D3-BF4B-00C04F79EFBC}") = "MpToErin", "src\MpToErin\MpToErin.csproj", "{EA593145-0830-4D56-A044-E3BE878C1AD4}"
EndProject
Project("{FAE04EC0-301F-11D3-BF4B-00C04F79EFBC}") = "MpToErin.Tests", "src\MpToErin.Tests\MpToErin.Tests.csproj", "{8A1BB9CE-713D-41D7-84CD-CBEB3CAAED23}"
EndProject
Global
	GlobalSection(SolutionConfigurationPlatforms) = preSolution
		Debug|Any CPU = Debug|Any CPU
		Release|Any CPU = Release|Any CPU
	EndGlobalSection
	GlobalSection(ProjectConfigurationPlatforms) = postSolution
		{EA593145-0830-4D56-A044-E3BE878C1AD4}.Debug|Any CPU.ActiveCfg = Debug|Any CPU
		{EA593145-0830-4D56-A044-E3BE878C1AD4}.Debug|Any CPU.Build.0 = Debug|Any CPU
		{EA593145-0830-4D56-A044-E3BE878C1AD4}.Release|Any CPU.ActiveCfg = Release|Any CPU
		{EA593145-0830-4D56-A044-E3BE878C1AD4}.Release|Any CPU.Build.0 = Release|Any CPU
		{8A1BB9CE-713D-41D7-84CD-CBEB3CAAED23}.Debug|Any CPU.ActiveCfg = Debug|Any CPU
		{8A1BB9CE-713D-41D7-84CD-CBEB3CAAED23}.Debug|Any CPU.Build.0 = Debug|Any CPU
		{8A1BB9CE-713D-41D7-84CD-CBEB3CAAED23}.Release|Any CPU.ActiveCfg = Release|Any CPU
		{8A1BB9CE-713D-41D7-84CD-CBEB3CAAED23}.Release|Any CPU.Build.0 = Release|Any CPU
	EndGlobalSection
EndGlobal
